
Microsoft Visual Studio Solution File, Format Version 12.00
# Visual Studio Version 16
VisualStudioVersion = 16.0.31410.357
MinimumVisualStudioVersion = 10.0.40219.1
Project("{FAE04EC0-301F-11D3-BF4B-00C04F79EFBC}") = "EndProjectApp.UWP", "EndProjectApp.UWP\EndProjectApp.UWP.csproj", "{628C1314-A1C1-42D2-8348-1608D91BFE33}"
EndProject
Project("{FAE04EC0-301F-11D3-BF4B-00C04F79EFBC}") = "EndProjectApp.Android", "EndProjectApp.Android\EndProjectApp.Android.csproj", "{0533E8DE-926C-44DB-8E20-E28BC99DE469}"
EndProject
Project("{FAE04EC0-301F-11D3-BF4B-00C04F79EFBC}") = "EndProjectApp.iOS", "EndProjectApp.iOS\EndProjectApp.iOS.csproj", "{A7D2E45A-AEEB-4EA0-9541-6ECE61D577E3}"
EndProject
Project("{FAE04EC0-301F-11D3-BF4B-00C04F79EFBC}") = "EndProjectApp", "EndProjectApp\EndProjectApp.csproj", "{40C16BE7-6F2E-4F7E-B311-1ACCB272846A}"
EndProject
Global
	GlobalSection(SolutionConfigurationPlatforms) = preSolution
		Debug|Any CPU = Debug|Any CPU
		Debug|ARM = Debug|ARM
		Debug|iPhone = Debug|iPhone
		Debug|iPhoneSimulator = Debug|iPhoneSimulator
		Debug|x64 = Debug|x64
		Debug|x86 = Debug|x86
		Release|Any CPU = Release|Any CPU
		Release|ARM = Release|ARM
		Release|iPhone = Release|iPhone
		Release|iPhoneSimulator = Release|iPhoneSimulator
		Release|x64 = Release|x64
		Release|x86 = Release|x86
	EndGlobalSection
	GlobalSection(ProjectConfigurationPlatforms) = postSolution
		{628C1314-A1C1-42D2-8348-1608D91BFE33}.Debug|Any CPU.ActiveCfg = Debug|x86
		{628C1314-A1C1-42D2-8348-1608D91BFE33}.Debug|Any CPU.Build.0 = Debug|x86
		{628C1314-A1C1-42D2-8348-1608D91BFE33}.Debug|Any CPU.Deploy.0 = Debug|x86
		{628C1314-A1C1-42D2-8348-1608D91BFE33}.Debug|ARM.ActiveCfg = Debug|ARM
		{628C1314-A1C1-42D2-8348-1608D91BFE33}.Debug|ARM.Build.0 = Debug|ARM
		{628C1314-A1C1-42D2-8348-1608D91BFE33}.Debug|ARM.Deploy.0 = Debug|ARM
		{628C1314-A1C1-42D2-8348-1608D91BFE33}.Debug|iPhone.ActiveCfg = Debug|x86
		{628C1314-A1C1-42D2-8348-1608D91BFE33}.Debug|iPhone.Build.0 = Debug|x86
		{628C1314-A1C1-42D2-8348-1608D91BFE33}.Debug|iPhone.Deploy.0 = Debug|x86
		{628C1314-A1C1-42D2-8348-1608D91BFE33}.Debug|iPhoneSimulator.ActiveCfg = Debug|x86
		{628C1314-A1C1-42D2-8348-1608D91BFE33}.Debug|iPhoneSimulator.Build.0 = Debug|x86
		{628C1314-A1C1-42D2-8348-1608D91BFE33}.Debug|iPhoneSimulator.Deploy.0 = Debug|x86
		{628C1314-A1C1-42D2-8348-1608D91BFE33}.Debug|x64.ActiveCfg = Debug|x64
		{628C1314-A1C1-42D2-8348-1608D91BFE33}.Debug|x64.Build.0 = Debug|x64
		{628C1314-A1C1-42D2-8348-1608D91BFE33}.Debug|x64.Deploy.0 = Debug|x64
		{628C1314-A1C1-42D2-8348-1608D91BFE33}.Debug|x86.ActiveCfg = Debug|x86
		{628C1314-A1C1-42D2-8348-1608D91BFE33}.Debug|x86.Build.0 = Debug|x86
		{628C1314-A1C1-42D2-8348-1608D91BFE33}.Debug|x86.Deploy.0 = Debug|x86
		{628C1314-A1C1-42D2-8348-1608D91BFE33}.Release|Any CPU.ActiveCfg = Release|x86
		{628C1314-A1C1-42D2-8348-1608D91BFE33}.Release|Any CPU.Build.0 = Release|x86
		{628C1314-A1C1-42D2-8348-1608D91BFE33}.Release|Any CPU.Deploy.0 = Release|x86
		{628C1314-A1C1-42D2-8348-1608D91BFE33}.Release|ARM.ActiveCfg = Release|ARM
		{628C1314-A1C1-42D2-8348-1608D91BFE33}.Release|ARM.Build.0 = Release|ARM
		{628C1314-A1C1-42D2-8348-1608D91BFE33}.Release|ARM.Deploy.0 = Release|ARM
		{628C1314-A1C1-42D2-8348-1608D91BFE33}.Release|iPhone.ActiveCfg = Release|x86
		{628C1314-A1C1-42D2-8348-1608D91BFE33}.Release|iPhone.Build.0 = Release|x86
		{628C1314-A1C1-42D2-8348-1608D91BFE33}.Release|iPhone.Deploy.0 = Release|x86
		{628C1314-A1C1-42D2-8348-1608D91BFE33}.Release|iPhoneSimulator.ActiveCfg = Release|x86
		{628C1314-A1C1-42D2-8348-1608D91BFE33}.Release|iPhoneSimulator.Build.0 = Release|x86
		{628C1314-A1C1-42D2-8348-1608D91BFE33}.Release|iPhoneSimulator.Deploy.0 = Release|x86
		{628C1314-A1C1-42D2-8348-1608D91BFE33}.Release|x64.ActiveCfg = Release|x64
		{628C1314-A1C1-42D2-8348-1608D91BFE33}.Release|x64.Build.0 = Release|x64
		{628C1314-A1C1-42D2-8348-1608D91BFE33}.Release|x64.Deploy.0 = Release|x64
		{628C1314-A1C1-42D2-8348-1608D91BFE33}.Release|x86.ActiveCfg = Release|x86
		{628C1314-A1C1-42D2-8348-1608D91BFE33}.Release|x86.Build.0 = Release|x86
		{628C1314-A1C1-42D2-8348-1608D91BFE33}.Release|x86.Deploy.0 = Release|x86
		{0533E8DE-926C-44DB-8E20-E28BC99DE469}.Debug|Any CPU.ActiveCfg = Debug|Any CPU
		{0533E8DE-926C-44DB-8E20-E28BC99DE469}.Debug|Any CPU.Build.0 = Debug|Any CPU
		{0533E8DE-926C-44DB-8E20-E28BC99DE469}.Debug|Any CPU.Deploy.0 = Debug|Any CPU
		{0533E8DE-926C-44DB-8E20-E28BC99DE469}.Debug|ARM.ActiveCfg = Debug|Any CPU
		{0533E8DE-926C-44DB-8E20-E28BC99DE469}.Debug|ARM.Build.0 = Debug|Any CPU
		{0533E8DE-926C-44DB-8E20-E28BC99DE469}.Debug|ARM.Deploy.0 = Debug|Any CPU
		{0533E8DE-926C-44DB-8E20-E28BC99DE469}.Debug|iPhone.ActiveCfg = Debug|Any CPU
		{0533E8DE-926C-44DB-8E20-E28BC99DE469}.Debug|iPhone.Build.0 = Debug|Any CPU
		{0533E8DE-926C-44DB-8E20-E28BC99DE469}.Debug|iPhone.Deploy.0 = Debug|Any CPU
		{0533E8DE-926C-44DB-8E20-E28BC99DE469}.Debug|iPhoneSimulator.ActiveCfg = Debug|Any CPU
		{0533E8DE-926C-44DB-8E20-E28BC99DE469}.Debug|iPhoneSimulator.Build.0 = Debug|Any CPU
		{0533E8DE-926C-44DB-8E20-E28BC99DE469}.Debug|iPhoneSimulator.Deploy.0 = Debug|Any CPU
		{0533E8DE-926C-44DB-8E20-E28BC99DE469}.Debug|x64.ActiveCfg = Debug|Any CPU
		{0533E8DE-926C-44DB-8E20-E28BC99DE469}.Debug|x64.Build.0 = Debug|Any CPU
		{0533E8DE-926C-44DB-8E20-E28BC99DE469}.Debug|x64.Deploy.0 = Debug|Any CPU
		{0533E8DE-926C-44DB-8E20-E28BC99DE469}.Debug|x86.ActiveCfg = Debug|Any CPU
		{0533E8DE-926C-44DB-8E20-E28BC99DE469}.Debug|x86.Build.0 = Debug|Any CPU
		{0533E8DE-926C-44DB-8E20-E28BC99DE469}.Debug|x86.Deploy.0 = Debug|Any CPU
		{0533E8DE-926C-44DB-8E20-E28BC99DE469}.Release|Any CPU.ActiveCfg = Release|Any CPU
		{0533E8DE-926C-44DB-8E20-E28BC99DE469}.Release|Any CPU.Build.0 = Release|Any CPU
		{0533E8DE-926C-44DB-8E20-E28BC99DE469}.Release|Any CPU.Deploy.0 = Release|Any CPU
		{0533E8DE-926C-44DB-8E20-E28BC99DE469}.Release|ARM.ActiveCfg = Release|Any CPU
		{0533E8DE-926C-44DB-8E20-E28BC99DE469}.Release|ARM.Build.0 = Release|Any CPU
		{0533E8DE-926C-44DB-8E20-E28BC99DE469}.Release|ARM.Deploy.0 = Release|Any CPU
		{0533E8DE-926C-44DB-8E20-E28BC99DE469}.Release|iPhone.ActiveCfg = Release|Any CPU
		{0533E8DE-926C-44DB-8E20-E28BC99DE469}.Release|iPhone.Build.0 = Release|Any CPU
		{0533E8DE-926C-44DB-8E20-E28BC99DE469}.Release|iPhone.Deploy.0 = Release|Any CPU
		{0533E8DE-926C-44DB-8E20-E28BC99DE469}.Release|iPhoneSimulator.ActiveCfg = Release|Any CPU
		{0533E8DE-926C-44DB-8E20-E28BC99DE469}.Release|iPhoneSimulator.Build.0 = Release|Any CPU
		{0533E8DE-926C-44DB-8E20-E28BC99DE469}.Release|iPhoneSimulator.Deploy.0 = Release|Any CPU
		{0533E8DE-926C-44DB-8E20-E28BC99DE469}.Release|x64.ActiveCfg = Release|Any CPU
		{0533E8DE-926C-44DB-8E20-E28BC99DE469}.Release|x64.Build.0 = Release|Any CPU
		{0533E8DE-926C-44DB-8E20-E28BC99DE469}.Release|x64.Deploy.0 = Release|Any CPU
		{0533E8DE-926C-44DB-8E20-E28BC99DE469}.Release|x86.ActiveCfg = Release|Any CPU
		{0533E8DE-926C-44DB-8E20-E28BC99DE469}.Release|x86.Build.0 = Release|Any CPU
		{0533E8DE-926C-44DB-8E20-E28BC99DE469}.Release|x86.Deploy.0 = Release|Any CPU
		{A7D2E45A-AEEB-4EA0-9541-6ECE61D577E3}.Debug|Any CPU.ActiveCfg = Debug|iPhoneSimulator
		{A7D2E45A-AEEB-4EA0-9541-6ECE61D577E3}.Debug|Any CPU.Build.0 = Debug|iPhoneSimulator
		{A7D2E45A-AEEB-4EA0-9541-6ECE61D577E3}.Debug|Any CPU.Deploy.0 = Debug|iPhoneSimulator
		{A7D2E45A-AEEB-4EA0-9541-6ECE61D577E3}.Debug|ARM.ActiveCfg = Debug|iPhone
		{A7D2E45A-AEEB-4EA0-9541-6ECE61D577E3}.Debug|ARM.Build.0 = Debug|iPhone
		{A7D2E45A-AEEB-4EA0-9541-6ECE61D577E3}.Debug|ARM.Deploy.0 = Debug|iPhone
		{A7D2E45A-AEEB-4EA0-9541-6ECE61D577E3}.Debug|iPhone.ActiveCfg = Debug|iPhone
		{A7D2E45A-AEEB-4EA0-9541-6ECE61D577E3}.Debug|iPhone.Build.0 = Debug|iPhone
		{A7D2E45A-AEEB-4EA0-9541-6ECE61D577E3}.Debug|iPhone.Deploy.0 = Debug|iPhone
		{A7D2E45A-AEEB-4EA0-9541-6ECE61D577E3}.Debug|iPhoneSimulator.ActiveCfg = Debug|iPhoneSimulator
		{A7D2E45A-AEEB-4EA0-9541-6ECE61D577E3}.Debug|iPhoneSimulator.Build.0 = Debug|iPhoneSimulator
		{A7D2E45A-AEEB-4EA0-9541-6ECE61D577E3}.Debug|iPhoneSimulator.Deploy.0 = Debug|iPhoneSimulator
		{A7D2E45A-AEEB-4EA0-9541-6ECE61D577E3}.Debug|x64.ActiveCfg = Debug|iPhoneSimulator
		{A7D2E45A-AEEB-4EA0-9541-6ECE61D577E3}.Debug|x64.Build.0 = Debug|iPhoneSimulator
		{A7D2E45A-AEEB-4EA0-9541-6ECE61D577E3}.Debug|x64.Deploy.0 = Debug|iPhoneSimulator
		{A7D2E45A-AEEB-4EA0-9541-6ECE61D577E3}.Debug|x86.ActiveCfg = Debug|iPhoneSimulator
		{A7D2E45A-AEEB-4EA0-9541-6ECE61D577E3}.Debug|x86.Build.0 = Debug|iPhoneSimulator
		{A7D2E45A-AEEB-4EA0-9541-6ECE61D577E3}.Debug|x86.Deploy.0 = Debug|iPhoneSimulator
		{A7D2E45A-AEEB-4EA0-9541-6ECE61D577E3}.Release|Any CPU.ActiveCfg = Release|iPhoneSimulator
		{A7D2E45A-AEEB-4EA0-9541-6ECE61D577E3}.Release|Any CPU.Build.0 = Release|iPhoneSimulator
		{A7D2E45A-AEEB-4EA0-9541-6ECE61D577E3}.Release|Any CPU.Deploy.0 = Release|iPhoneSimulator
		{A7D2E45A-AEEB-4EA0-9541-6ECE61D577E3}.Release|ARM.ActiveCfg = Release|iPhoneSimulator
		{A7D2E45A-AEEB-4EA0-9541-6ECE61D577E3}.Release|ARM.Build.0 = Release|iPhoneSimulator
		{A7D2E45A-AEEB-4EA0-9541-6ECE61D577E3}.Release|ARM.Deploy.0 = Release|iPhoneSimulator
		{A7D2E45A-AEEB-4EA0-9541-6ECE61D577E3}.Release|iPhone.ActiveCfg = Release|iPhone
		{A7D2E45A-AEEB-4EA0-9541-6ECE61D577E3}.Release|iPhone.Build.0 = Release|iPhone
		{A7D2E45A-AEEB-4EA0-9541-6ECE61D577E3}.Release|iPhone.Deploy.0 = Release|iPhone
		{A7D2E45A-AEEB-4EA0-9541-6ECE61D577E3}.Release|iPhoneSimulator.ActiveCfg = Release|iPhoneSimulator
		{A7D2E45A-AEEB-4EA0-9541-6ECE61D577E3}.Release|iPhoneSimulator.Build.0 = Release|iPhoneSimulator
		{A7D2E45A-AEEB-4EA0-9541-6ECE61D577E3}.Release|iPhoneSimulator.Deploy.0 = Release|iPhoneSimulator
		{A7D2E45A-AEEB-4EA0-9541-6ECE61D577E3}.Release|x64.ActiveCfg = Release|iPhoneSimulator
		{A7D2E45A-AEEB-4EA0-9541-6ECE61D577E3}.Release|x64.Build.0 = Release|iPhoneSimulator
		{A7D2E45A-AEEB-4EA0-9541-6ECE61D577E3}.Release|x64.Deploy.0 = Release|iPhoneSimulator
		{A7D2E45A-AEEB-4EA0-9541-6ECE61D577E3}.Release|x86.ActiveCfg = Release|iPhoneSimulator
		{A7D2E45A-AEEB-4EA0-9541-6ECE61D577E3}.Release|x86.Build.0 = Release|iPhoneSimulator
		{A7D2E45A-AEEB-4EA0-9541-6ECE61D577E3}.Release|x86.Deploy.0 = Release|iPhoneSimulator
		{40C16BE7-6F2E-4F7E-B311-1ACCB272846A}.Debug|Any CPU.ActiveCfg = Debug|Any CPU
		{40C16BE7-6F2E-4F7E-B311-1ACCB272846A}.Debug|Any CPU.Build.0 = Debug|Any CPU
		{40C16BE7-6F2E-4F7E-B311-1ACCB272846A}.Debug|Any CPU.Deploy.0 = Debug|Any CPU
		{40C16BE7-6F2E-4F7E-B311-1ACCB272846A}.Debug|ARM.ActiveCfg = Debug|Any CPU
		{40C16BE7-6F2E-4F7E-B311-1ACCB272846A}.Debug|ARM.Build.0 = Debug|Any CPU
		{40C16BE7-6F2E-4F7E-B311-1ACCB272846A}.Debug|ARM.Deploy.0 = Debug|Any CPU
		{40C16BE7-6F2E-4F7E-B311-1ACCB272846A}.Debug|iPhone.ActiveCfg = Debug|Any CPU
		{40C16BE7-6F2E-4F7E-B311-1ACCB272846A}.Debug|iPhone.Build.0 = Debug|Any CPU
		{40C16BE7-6F2E-4F7E-B311-1ACCB272846A}.Debug|iPhone.Deploy.0 = Debug|Any CPU
		{40C16BE7-6F2E-4F7E-B311-1ACCB272846A}.Debug|iPhoneSimulator.ActiveCfg = Debug|Any CPU
		{40C16BE7-6F2E-4F7E-B311-1ACCB272846A}.Debug|iPhoneSimulator.Build.0 = Debug|Any CPU
		{40C16BE7-6F2E-4F7E-B311-1ACCB272846A}.Debug|iPhoneSimulator.Deploy.0 = Debug|Any CPU
		{40C16BE7-6F2E-4F7E-B311-1ACCB272846A}.Debug|x64.ActiveCfg = Debug|Any CPU
		{40C16BE7-6F2E-4F7E-B311-1ACCB272846A}.Debug|x64.Build.0 = Debug|Any CPU
		{40C16BE7-6F2E-4F7E-B311-1ACCB272846A}.Debug|x64.Deploy.0 = Debug|Any CPU
		{40C16BE7-6F2E-4F7E-B311-1ACCB272846A}.Debug|x86.ActiveCfg = Debug|Any CPU
		{40C16BE7-6F2E-4F7E-B311-1ACCB272846A}.Debug|x86.Build.0 = Debug|Any CPU
		{40C16BE7-6F2E-4F7E-B311-1ACCB272846A}.Debug|x86.Deploy.0 = Debug|Any CPU
		{40C16BE7-6F2E-4F7E-B311-1ACCB272846A}.Release|Any CPU.ActiveCfg = Release|Any CPU
		{40C16BE7-6F2E-4F7E-B311-1ACCB272846A}.Release|Any CPU.Build.0 = Release|Any CPU
		{40C16BE7-6F2E-4F7E-B311-1ACCB272846A}.Release|Any CPU.Deploy.0 = Release|Any CPU
		{40C16BE7-6F2E-4F7E-B311-1ACCB272846A}.Release|ARM.ActiveCfg = Release|Any CPU
		{40C16BE7-6F2E-4F7E-B311-1ACCB272846A}.Release|ARM.Build.0 = Release|Any CPU
		{40C16BE7-6F2E-4F7E-B311-1ACCB272846A}.Release|ARM.Deploy.0 = Release|Any CPU
		{40C16BE7-6F2E-4F7E-B311-1ACCB272846A}.Release|iPhone.ActiveCfg = Release|Any CPU
		{40C16BE7-6F2E-4F7E-B311-1ACCB272846A}.Release|iPhone.Build.0 = Release|Any CPU
		{40C16BE7-6F2E-4F7E-B311-1ACCB272846A}.Release|iPhone.Deploy.0 = Release|Any CPU
		{40C16BE7-6F2E-4F7E-B311-1ACCB272846A}.Release|iPhoneSimulator.ActiveCfg = Release|Any CPU
		{40C16BE7-6F2E-4F7E-B311-1ACCB272846A}.Release|iPhoneSimulator.Build.0 = Release|Any CPU
		{40C16BE7-6F2E-4F7E-B311-1ACCB272846A}.Release|iPhoneSimulator.Deploy.0 = Release|Any CPU
		{40C16BE7-6F2E-4F7E-B311-1ACCB272846A}.Release|x64.ActiveCfg = Release|Any CPU
		{40C16BE7-6F2E-4F7E-B311-1ACCB272846A}.Release|x64.Build.0 = Release|Any CPU
		{40C16BE7-6F2E-4F7E-B311-1ACCB272846A}.Release|x64.Deploy.0 = Release|Any CPU
		{40C16BE7-6F2E-4F7E-B311-1ACCB272846A}.Release|x86.ActiveCfg = Release|Any CPU
		{40C16BE7-6F2E-4F7E-B311-1ACCB272846A}.Release|x86.Build.0 = Release|Any CPU
		{40C16BE7-6F2E-4F7E-B311-1ACCB272846A}.Release|x86.Deploy.0 = Release|Any CPU
	EndGlobalSection
	GlobalSection(SolutionProperties) = preSolution
		HideSolutionNode = FALSE
	EndGlobalSection
	GlobalSection(ExtensibilityGlobals) = postSolution
		SolutionGuid = {3120AD5A-DCCF-4DBC-91F2-09DB627C5500}
	EndGlobalSection
EndGlobal
